
Microsoft Visual Studio Solution File, Format Version 12.00
# Visual Studio Version 17
VisualStudioVersion = 17.8.34330.188
MinimumVisualStudioVersion = 10.0.40219.1
Project("{8BC9CEB8-8B4A-11D0-8D11-00A0C91BC942}") = "lab2", "lab2\lab2.vcxproj", "{2515616A-C69D-4EC7-91D4-15DB532CBDD2}"
EndProject
Global
	GlobalSection(SolutionConfigurationPlatforms) = preSolution
		Debug|x64 = Debug|x64
		Debug|x86 = Debug|x86
		Release|x64 = Release|x64
		Release|x86 = Release|x86
	EndGlobalSection
	GlobalSection(ProjectConfigurationPlatforms) = postSolution
		{2515616A-C69D-4EC7-91D4-15DB532CBDD2}.Debug|x64.ActiveCfg = Debug|x64
		{2515616A-C69D-4EC7-91D4-15DB532CBDD2}.Debug|x64.Build.0 = Debug|x64
		{2515616A-C69D-4EC7-91D4-15DB532CBDD2}.Debug|x86.ActiveCfg = Debug|Win32
		{2515616A-C69D-4EC7-91D4-15DB532CBDD2}.Debug|x86.Build.0 = Debug|Win32
		{2515616A-C69D-4EC7-91D4-15DB532CBDD2}.Release|x64.ActiveCfg = Release|x64
		{2515616A-C69D-4EC7-91D4-15DB532CBDD2}.Release|x64.Build.0 = Release|x64
		{2515616A-C69D-4EC7-91D4-15DB532CBDD2}.Release|x86.ActiveCfg = Release|Win32
		{2515616A-C69D-4EC7-91D4-15DB532CBDD2}.Release|x86.Build.0 = Release|Win32
	EndGlobalSection
	GlobalSection(SolutionProperties) = preSolution
		HideSolutionNode = FALSE
	EndGlobalSection
	GlobalSection(ExtensibilityGlobals) = postSolution
		SolutionGuid = {854EFFED-5C03-49C2-868B-6CD10E338C6C}
	EndGlobalSection
EndGlobal
